// !$*UTF8*$!
{
	archiveVersion = 1;
	classes = {
	};
	objectVersion = 52;
	objects = {

/* Begin PBXBuildFile section */
		8415153926076CFC0071218D /* NewsController.swift in Sources */ = {isa = PBXBuildFile; fileRef = 8415153826076CFC0071218D /* NewsController.swift */; };
		8415153C26076DB00071218D /* NewsCell.swift in Sources */ = {isa = PBXBuildFile; fileRef = 8415153B26076DB00071218D /* NewsCell.swift */; };
		842B0BBA25ED621600B3A88B /* GoogleService-Info.plist in Resources */ = {isa = PBXBuildFile; fileRef = 842B0BB925ED621600B3A88B /* GoogleService-Info.plist */; };
		842B0BCC25ED689B00B3A88B /* FirebaseService.swift in Sources */ = {isa = PBXBuildFile; fileRef = 842B0BCB25ED689B00B3A88B /* FirebaseService.swift */; };
		842CCD5B260A044400A9B422 /* PostStruct.swift in Sources */ = {isa = PBXBuildFile; fileRef = 842CCD5A260A044400A9B422 /* PostStruct.swift */; };
		842CCD5E260A0A1C00A9B422 /* PostsController.swift in Sources */ = {isa = PBXBuildFile; fileRef = 842CCD5D260A0A1C00A9B422 /* PostsController.swift */; };
		8435846B25C893AB0038F518 /* GetDatesController.swift in Sources */ = {isa = PBXBuildFile; fileRef = 8435846A25C893AB0038F518 /* GetDatesController.swift */; };
		8439894F25C8694500135F31 /* AppDelegate.swift in Sources */ = {isa = PBXBuildFile; fileRef = 8439894E25C8694500135F31 /* AppDelegate.swift */; };
		8439895125C8694500135F31 /* SceneDelegate.swift in Sources */ = {isa = PBXBuildFile; fileRef = 8439895025C8694500135F31 /* SceneDelegate.swift */; };
		8439895325C8694500135F31 /* ViewController.swift in Sources */ = {isa = PBXBuildFile; fileRef = 8439895225C8694500135F31 /* ViewController.swift */; };
		8439895625C8694500135F31 /* Main.storyboard in Resources */ = {isa = PBXBuildFile; fileRef = 8439895425C8694500135F31 /* Main.storyboard */; };
		8439895825C8694800135F31 /* Assets.xcassets in Resources */ = {isa = PBXBuildFile; fileRef = 8439895725C8694800135F31 /* Assets.xcassets */; };
		8439895B25C8694800135F31 /* LaunchScreen.storyboard in Resources */ = {isa = PBXBuildFile; fileRef = 8439895925C8694800135F31 /* LaunchScreen.storyboard */; };
		8439896425C869DF00135F31 /* Session.swift in Sources */ = {isa = PBXBuildFile; fileRef = 8439896325C869DF00135F31 /* Session.swift */; };
		846D32F925DAF49700873AC5 /* GroupController.swift in Sources */ = {isa = PBXBuildFile; fileRef = 846D32F825DAF49700873AC5 /* GroupController.swift */; };
		8489D83825D70F5500352C94 /* TableGroupCell.swift in Sources */ = {isa = PBXBuildFile; fileRef = 8489D83725D70F5500352C94 /* TableGroupCell.swift */; };
		849934DB260BD11300D6847F /* NetworkPosts.swift in Sources */ = {isa = PBXBuildFile; fileRef = 849934DA260BD11300D6847F /* NetworkPosts.swift */; };
		849A5ACD25E434C3003D7918 /* Structs.swift in Sources */ = {isa = PBXBuildFile; fileRef = 849A5ACC25E434C3003D7918 /* Structs.swift */; };
		84BEDFD025D6B4FF00A53854 /* PhotoController.swift in Sources */ = {isa = PBXBuildFile; fileRef = 84BEDFCF25D6B4FF00A53854 /* PhotoController.swift */; };
		84CF0ED325DD4CCE00DE3F7B /* RealmSwift in Frameworks */ = {isa = PBXBuildFile; productRef = 84CF0ED225DD4CCE00DE3F7B /* RealmSwift */; };
		84CF0ED525DD4CCE00DE3F7B /* Realm in Frameworks */ = {isa = PBXBuildFile; productRef = 84CF0ED425DD4CCE00DE3F7B /* Realm */; };
		84CF0ED825DD4CFD00DE3F7B /* DB.swift in Sources */ = {isa = PBXBuildFile; fileRef = 84CF0ED725DD4CFD00DE3F7B /* DB.swift */; };
		84E8707025D5C0890093F41A /* UserController.swift in Sources */ = {isa = PBXBuildFile; fileRef = 84E8706F25D5C0890093F41A /* UserController.swift */; };
		84EEBA3025EE611A0040FA99 /* FirebaseController.swift in Sources */ = {isa = PBXBuildFile; fileRef = 84EEBA2F25EE611A0040FA99 /* FirebaseController.swift */; };
		84FD8BAB26124EA300A6DCAE /* GroupOperationController.swift in Sources */ = {isa = PBXBuildFile; fileRef = 84FD8BAA26124EA300A6DCAE /* GroupOperationController.swift */; };
		84FD8BAE261251BC00A6DCAE /* ParseGroups.swift in Sources */ = {isa = PBXBuildFile; fileRef = 84FD8BAD261251BC00A6DCAE /* ParseGroups.swift */; };
		84FD8BB1261252C600A6DCAE /* GetDataOperation.swift in Sources */ = {isa = PBXBuildFile; fileRef = 84FD8BB0261252C600A6DCAE /* GetDataOperation.swift */; };
		84FD8BB42612534100A6DCAE /* AsyncOperation.swift in Sources */ = {isa = PBXBuildFile; fileRef = 84FD8BB32612534100A6DCAE /* AsyncOperation.swift */; };
		84FD8BB72612578600A6DCAE /* ReloadGroupsController.swift in Sources */ = {isa = PBXBuildFile; fileRef = 84FD8BB62612578600A6DCAE /* ReloadGroupsController.swift */; };
		84FD8BBA2612762200A6DCAE /* GroupOperationCell.swift in Sources */ = {isa = PBXBuildFile; fileRef = 84FD8BB92612762200A6DCAE /* GroupOperationCell.swift */; };
		EF0A8DA946B0D920C39A1DC5 /* Pods_VK_API_App.framework in Frameworks */ = {isa = PBXBuildFile; fileRef = 1CCB4D9B0F23BD0ADEDECD12 /* Pods_VK_API_App.framework */; };
/* End PBXBuildFile section */

/* Begin PBXFileReference section */
		1CCB4D9B0F23BD0ADEDECD12 /* Pods_VK_API_App.framework */ = {isa = PBXFileReference; explicitFileType = wrapper.framework; includeInIndex = 0; path = Pods_VK_API_App.framework; sourceTree = BUILT_PRODUCTS_DIR; };
		43CBC14F62419BEC3C6469BE /* Pods-VK API App.debug.xcconfig */ = {isa = PBXFileReference; includeInIndex = 1; lastKnownFileType = text.xcconfig; name = "Pods-VK API App.debug.xcconfig"; path = "Target Support Files/Pods-VK API App/Pods-VK API App.debug.xcconfig"; sourceTree = "<group>"; };
		8415153826076CFC0071218D /* NewsController.swift */ = {isa = PBXFileReference; lastKnownFileType = sourcecode.swift; path = NewsController.swift; sourceTree = "<group>"; };
		8415153B26076DB00071218D /* NewsCell.swift */ = {isa = PBXFileReference; lastKnownFileType = sourcecode.swift; path = NewsCell.swift; sourceTree = "<group>"; };
		842B0BB925ED621600B3A88B /* GoogleService-Info.plist */ = {isa = PBXFileReference; fileEncoding = 4; lastKnownFileType = text.plist.xml; path = "GoogleService-Info.plist"; sourceTree = "<group>"; };
		842B0BCB25ED689B00B3A88B /* FirebaseService.swift */ = {isa = PBXFileReference; lastKnownFileType = sourcecode.swift; path = FirebaseService.swift; sourceTree = "<group>"; };
		842CCD5A260A044400A9B422 /* PostStruct.swift */ = {isa = PBXFileReference; lastKnownFileType = sourcecode.swift; path = PostStruct.swift; sourceTree = "<group>"; };
		842CCD5D260A0A1C00A9B422 /* PostsController.swift */ = {isa = PBXFileReference; lastKnownFileType = sourcecode.swift; path = PostsController.swift; sourceTree = "<group>"; };
		8435846A25C893AB0038F518 /* GetDatesController.swift */ = {isa = PBXFileReference; lastKnownFileType = sourcecode.swift; path = GetDatesController.swift; sourceTree = "<group>"; };
		8439894B25C8694500135F31 /* VK API App.app */ = {isa = PBXFileReference; explicitFileType = wrapper.application; includeInIndex = 0; path = "VK API App.app"; sourceTree = BUILT_PRODUCTS_DIR; };
		8439894E25C8694500135F31 /* AppDelegate.swift */ = {isa = PBXFileReference; lastKnownFileType = sourcecode.swift; path = AppDelegate.swift; sourceTree = "<group>"; };
		8439895025C8694500135F31 /* SceneDelegate.swift */ = {isa = PBXFileReference; lastKnownFileType = sourcecode.swift; path = SceneDelegate.swift; sourceTree = "<group>"; };
		8439895225C8694500135F31 /* ViewController.swift */ = {isa = PBXFileReference; lastKnownFileType = sourcecode.swift; path = ViewController.swift; sourceTree = "<group>"; };
		8439895525C8694500135F31 /* Base */ = {isa = PBXFileReference; lastKnownFileType = file.storyboard; name = Base; path = Base.lproj/Main.storyboard; sourceTree = "<group>"; };
		8439895725C8694800135F31 /* Assets.xcassets */ = {isa = PBXFileReference; lastKnownFileType = folder.assetcatalog; path = Assets.xcassets; sourceTree = "<group>"; };
		8439895A25C8694800135F31 /* Base */ = {isa = PBXFileReference; lastKnownFileType = file.storyboard; name = Base; path = Base.lproj/LaunchScreen.storyboard; sourceTree = "<group>"; };
		8439895C25C8694800135F31 /* Info.plist */ = {isa = PBXFileReference; lastKnownFileType = text.plist.xml; path = Info.plist; sourceTree = "<group>"; };
		8439896325C869DF00135F31 /* Session.swift */ = {isa = PBXFileReference; lastKnownFileType = sourcecode.swift; path = Session.swift; sourceTree = "<group>"; };
		846D32F825DAF49700873AC5 /* GroupController.swift */ = {isa = PBXFileReference; lastKnownFileType = sourcecode.swift; path = GroupController.swift; sourceTree = "<group>"; };
		8489D83725D70F5500352C94 /* TableGroupCell.swift */ = {isa = PBXFileReference; lastKnownFileType = sourcecode.swift; path = TableGroupCell.swift; sourceTree = "<group>"; };
		849934DA260BD11300D6847F /* NetworkPosts.swift */ = {isa = PBXFileReference; lastKnownFileType = sourcecode.swift; path = NetworkPosts.swift; sourceTree = "<group>"; };
		849A5ACC25E434C3003D7918 /* Structs.swift */ = {isa = PBXFileReference; lastKnownFileType = sourcecode.swift; path = Structs.swift; sourceTree = "<group>"; };
		84BEDFCF25D6B4FF00A53854 /* PhotoController.swift */ = {isa = PBXFileReference; lastKnownFileType = sourcecode.swift; path = PhotoController.swift; sourceTree = "<group>"; };
		84CF0ED725DD4CFD00DE3F7B /* DB.swift */ = {isa = PBXFileReference; lastKnownFileType = sourcecode.swift; path = DB.swift; sourceTree = "<group>"; };
		84E8706F25D5C0890093F41A /* UserController.swift */ = {isa = PBXFileReference; lastKnownFileType = sourcecode.swift; path = UserController.swift; sourceTree = "<group>"; };
		84EEBA2F25EE611A0040FA99 /* FirebaseController.swift */ = {isa = PBXFileReference; lastKnownFileType = sourcecode.swift; path = FirebaseController.swift; sourceTree = "<group>"; };
		84FD8BAA26124EA300A6DCAE /* GroupOperationController.swift */ = {isa = PBXFileReference; lastKnownFileType = sourcecode.swift; path = GroupOperationController.swift; sourceTree = "<group>"; };
		84FD8BAD261251BC00A6DCAE /* ParseGroups.swift */ = {isa = PBXFileReference; lastKnownFileType = sourcecode.swift; path = ParseGroups.swift; sourceTree = "<group>"; };
		84FD8BB0261252C600A6DCAE /* GetDataOperation.swift */ = {isa = PBXFileReference; lastKnownFileType = sourcecode.swift; path = GetDataOperation.swift; sourceTree = "<group>"; };
		84FD8BB32612534100A6DCAE /* AsyncOperation.swift */ = {isa = PBXFileReference; lastKnownFileType = sourcecode.swift; path = AsyncOperation.swift; sourceTree = "<group>"; };
		84FD8BB62612578600A6DCAE /* ReloadGroupsController.swift */ = {isa = PBXFileReference; lastKnownFileType = sourcecode.swift; path = ReloadGroupsController.swift; sourceTree = "<group>"; };
		84FD8BB92612762200A6DCAE /* GroupOperationCell.swift */ = {isa = PBXFileReference; lastKnownFileType = sourcecode.swift; path = GroupOperationCell.swift; sourceTree = "<group>"; };
		EAD1466D6A323F8E64914C53 /* Pods-VK API App.release.xcconfig */ = {isa = PBXFileReference; includeInIndex = 1; lastKnownFileType = text.xcconfig; name = "Pods-VK API App.release.xcconfig"; path = "Target Support Files/Pods-VK API App/Pods-VK API App.release.xcconfig"; sourceTree = "<group>"; };
/* End PBXFileReference section */

/* Begin PBXFrameworksBuildPhase section */
		8439894825C8694400135F31 /* Frameworks */ = {
			isa = PBXFrameworksBuildPhase;
			buildActionMask = 2147483647;
			files = (
				84CF0ED525DD4CCE00DE3F7B /* Realm in Frameworks */,
				84CF0ED325DD4CCE00DE3F7B /* RealmSwift in Frameworks */,
				EF0A8DA946B0D920C39A1DC5 /* Pods_VK_API_App.framework in Frameworks */,
			);
			runOnlyForDeploymentPostprocessing = 0;
		};
/* End PBXFrameworksBuildPhase section */

/* Begin PBXGroup section */
		356BD25421B8434EB8035005 /* Frameworks */ = {
			isa = PBXGroup;
			children = (
				1CCB4D9B0F23BD0ADEDECD12 /* Pods_VK_API_App.framework */,
			);
			name = Frameworks;
			sourceTree = "<group>";
		};
		842B0BCA25ED685800B3A88B /* FirebaseFolder */ = {
			isa = PBXGroup;
			children = (
				842B0BCB25ED689B00B3A88B /* FirebaseService.swift */,
				84EEBA2F25EE611A0040FA99 /* FirebaseController.swift */,
			);
			path = FirebaseFolder;
			sourceTree = "<group>";
		};
		8439894225C8694400135F31 = {
			isa = PBXGroup;
			children = (
				8439894D25C8694500135F31 /* VK API App */,
				8439894C25C8694500135F31 /* Products */,
				F89999AFE642F7B0E4D4127B /* Pods */,
				356BD25421B8434EB8035005 /* Frameworks */,
			);
			sourceTree = "<group>";
		};
		8439894C25C8694500135F31 /* Products */ = {
			isa = PBXGroup;
			children = (
				8439894B25C8694500135F31 /* VK API App.app */,
			);
			name = Products;
			sourceTree = "<group>";
		};
		8439894D25C8694500135F31 /* VK API App */ = {
			isa = PBXGroup;
			children = (
				84FD8BA926124E4700A6DCAE /* GroupOperation */,
				842B0BCA25ED685800B3A88B /* FirebaseFolder */,
				849A5ACB25E434A6003D7918 /* Structs */,
				849A5AC625E429A0003D7918 /* UserFiles */,
				8439894E25C8694500135F31 /* AppDelegate.swift */,
				8439895025C8694500135F31 /* SceneDelegate.swift */,
				8439895225C8694500135F31 /* ViewController.swift */,
				8439895425C8694500135F31 /* Main.storyboard */,
				8439895725C8694800135F31 /* Assets.xcassets */,
				8439895925C8694800135F31 /* LaunchScreen.storyboard */,
				8439895C25C8694800135F31 /* Info.plist */,
				8439896325C869DF00135F31 /* Session.swift */,
				8435846A25C893AB0038F518 /* GetDatesController.swift */,
				842B0BB925ED621600B3A88B /* GoogleService-Info.plist */,
				84CF0ED725DD4CFD00DE3F7B /* DB.swift */,
			);
			path = "VK API App";
			sourceTree = "<group>";
		};
		849934D9260BD0CD00D6847F /* Posts */ = {
			isa = PBXGroup;
			children = (
				842CCD5D260A0A1C00A9B422 /* PostsController.swift */,
				8415153826076CFC0071218D /* NewsController.swift */,
				8415153B26076DB00071218D /* NewsCell.swift */,
				849934DA260BD11300D6847F /* NetworkPosts.swift */,
			);
			path = Posts;
			sourceTree = "<group>";
		};
		849A5AC625E429A0003D7918 /* UserFiles */ = {
			isa = PBXGroup;
			children = (
				849934D9260BD0CD00D6847F /* Posts */,
				84E8706F25D5C0890093F41A /* UserController.swift */,
				846D32F825DAF49700873AC5 /* GroupController.swift */,
				8489D83725D70F5500352C94 /* TableGroupCell.swift */,
				84BEDFCF25D6B4FF00A53854 /* PhotoController.swift */,
			);
			path = UserFiles;
			sourceTree = "<group>";
		};
		849A5ACB25E434A6003D7918 /* Structs */ = {
			isa = PBXGroup;
			children = (
				849A5ACC25E434C3003D7918 /* Structs.swift */,
				842CCD5A260A044400A9B422 /* PostStruct.swift */,
			);
			path = Structs;
			sourceTree = "<group>";
		};
		84FD8BA926124E4700A6DCAE /* GroupOperation */ = {
			isa = PBXGroup;
			children = (
				84FD8BAA26124EA300A6DCAE /* GroupOperationController.swift */,
				84FD8BAD261251BC00A6DCAE /* ParseGroups.swift */,
				84FD8BB0261252C600A6DCAE /* GetDataOperation.swift */,
				84FD8BB32612534100A6DCAE /* AsyncOperation.swift */,
				84FD8BB62612578600A6DCAE /* ReloadGroupsController.swift */,
				84FD8BB92612762200A6DCAE /* GroupOperationCell.swift */,
			);
			path = GroupOperation;
			sourceTree = "<group>";
		};
		F89999AFE642F7B0E4D4127B /* Pods */ = {
			isa = PBXGroup;
			children = (
				43CBC14F62419BEC3C6469BE /* Pods-VK API App.debug.xcconfig */,
				EAD1466D6A323F8E64914C53 /* Pods-VK API App.release.xcconfig */,
			);
			path = Pods;
			sourceTree = "<group>";
		};
/* End PBXGroup section */

/* Begin PBXNativeTarget section */
		8439894A25C8694400135F31 /* VK API App */ = {
			isa = PBXNativeTarget;
			buildConfigurationList = 8439895F25C8694800135F31 /* Build configuration list for PBXNativeTarget "VK API App" */;
			buildPhases = (
				3824C6166A185244C39264E5 /* [CP] Check Pods Manifest.lock */,
				8439894725C8694400135F31 /* Sources */,
				8439894825C8694400135F31 /* Frameworks */,
				8439894925C8694400135F31 /* Resources */,
				5200B32FFCC7AC5985CB3624 /* [CP] Embed Pods Frameworks */,
			);
			buildRules = (
			);
			dependencies = (
			);
			name = "VK API App";
			packageProductDependencies = (
				84CF0ED225DD4CCE00DE3F7B /* RealmSwift */,
				84CF0ED425DD4CCE00DE3F7B /* Realm */,
			);
			productName = "VK API App";
			productReference = 8439894B25C8694500135F31 /* VK API App.app */;
			productType = "com.apple.product-type.application";
		};
/* End PBXNativeTarget section */

/* Begin PBXProject section */
		8439894325C8694400135F31 /* Project object */ = {
			isa = PBXProject;
			attributes = {
				LastSwiftUpdateCheck = 1230;
				LastUpgradeCheck = 1230;
				TargetAttributes = {
					8439894A25C8694400135F31 = {
						CreatedOnToolsVersion = 12.3;
					};
				};
			};
			buildConfigurationList = 8439894625C8694400135F31 /* Build configuration list for PBXProject "VK API App" */;
			compatibilityVersion = "Xcode 9.3";
			developmentRegion = en;
			hasScannedForEncodings = 0;
			knownRegions = (
				en,
				Base,
			);
			mainGroup = 8439894225C8694400135F31;
			packageReferences = (
				84CF0ED125DD4CCE00DE3F7B /* XCRemoteSwiftPackageReference "realm-cocoa" */,
			);
			productRefGroup = 8439894C25C8694500135F31 /* Products */;
			projectDirPath = "";
			projectRoot = "";
			targets = (
				8439894A25C8694400135F31 /* VK API App */,
			);
		};
/* End PBXProject section */

/* Begin PBXResourcesBuildPhase section */
		8439894925C8694400135F31 /* Resources */ = {
			isa = PBXResourcesBuildPhase;
			buildActionMask = 2147483647;
			files = (
				8439895B25C8694800135F31 /* LaunchScreen.storyboard in Resources */,
				842B0BBA25ED621600B3A88B /* GoogleService-Info.plist in Resources */,
				8439895825C8694800135F31 /* Assets.xcassets in Resources */,
				8439895625C8694500135F31 /* Main.storyboard in Resources */,
			);
			runOnlyForDeploymentPostprocessing = 0;
		};
/* End PBXResourcesBuildPhase section */

/* Begin PBXShellScriptBuildPhase section */
		3824C6166A185244C39264E5 /* [CP] Check Pods Manifest.lock */ = {
			isa = PBXShellScriptBuildPhase;
			buildActionMask = 2147483647;
			files = (
			);
			inputFileListPaths = (
			);
			inputPaths = (
				"${PODS_PODFILE_DIR_PATH}/Podfile.lock",
				"${PODS_ROOT}/Manifest.lock",
			);
			name = "[CP] Check Pods Manifest.lock";
			outputFileListPaths = (
			);
			outputPaths = (
				"$(DERIVED_FILE_DIR)/Pods-VK API App-checkManifestLockResult.txt",
			);
			runOnlyForDeploymentPostprocessing = 0;
			shellPath = /bin/sh;
			shellScript = "diff \"${PODS_PODFILE_DIR_PATH}/Podfile.lock\" \"${PODS_ROOT}/Manifest.lock\" > /dev/null\nif [ $? != 0 ] ; then\n    # print error to STDERR\n    echo \"error: The sandbox is not in sync with the Podfile.lock. Run 'pod install' or update your CocoaPods installation.\" >&2\n    exit 1\nfi\n# This output is used by Xcode 'outputs' to avoid re-running this script phase.\necho \"SUCCESS\" > \"${SCRIPT_OUTPUT_FILE_0}\"\n";
			showEnvVarsInLog = 0;
		};
		5200B32FFCC7AC5985CB3624 /* [CP] Embed Pods Frameworks */ = {
			isa = PBXShellScriptBuildPhase;
			buildActionMask = 2147483647;
			files = (
			);
			inputFileListPaths = (
				"${PODS_ROOT}/Target Support Files/Pods-VK API App/Pods-VK API App-frameworks-${CONFIGURATION}-input-files.xcfilelist",
			);
			name = "[CP] Embed Pods Frameworks";
			outputFileListPaths = (
				"${PODS_ROOT}/Target Support Files/Pods-VK API App/Pods-VK API App-frameworks-${CONFIGURATION}-output-files.xcfilelist",
			);
			runOnlyForDeploymentPostprocessing = 0;
			shellPath = /bin/sh;
			shellScript = "\"${PODS_ROOT}/Target Support Files/Pods-VK API App/Pods-VK API App-frameworks.sh\"\n";
			showEnvVarsInLog = 0;
		};
/* End PBXShellScriptBuildPhase section */

/* Begin PBXSourcesBuildPhase section */
		8439894725C8694400135F31 /* Sources */ = {
			isa = PBXSourcesBuildPhase;
			buildActionMask = 2147483647;
			files = (
				849934DB260BD11300D6847F /* NetworkPosts.swift in Sources */,
				84FD8BBA2612762200A6DCAE /* GroupOperationCell.swift in Sources */,
				849A5ACD25E434C3003D7918 /* Structs.swift in Sources */,
				84CF0ED825DD4CFD00DE3F7B /* DB.swift in Sources */,
				84FD8BAB26124EA300A6DCAE /* GroupOperationController.swift in Sources */,
				8489D83825D70F5500352C94 /* TableGroupCell.swift in Sources */,
				84BEDFD025D6B4FF00A53854 /* PhotoController.swift in Sources */,
				8439896425C869DF00135F31 /* Session.swift in Sources */,
				84FD8BAE261251BC00A6DCAE /* ParseGroups.swift in Sources */,
				8415153C26076DB00071218D /* NewsCell.swift in Sources */,
				8439895325C8694500135F31 /* ViewController.swift in Sources */,
				84FD8BB1261252C600A6DCAE /* GetDataOperation.swift in Sources */,
				84E8707025D5C0890093F41A /* UserController.swift in Sources */,
				84FD8BB42612534100A6DCAE /* AsyncOperation.swift in Sources */,
				84EEBA3025EE611A0040FA99 /* FirebaseController.swift in Sources */,
				842CCD5B260A044400A9B422 /* PostStruct.swift in Sources */,
				8439894F25C8694500135F31 /* AppDelegate.swift in Sources */,
				846D32F925DAF49700873AC5 /* GroupController.swift in Sources */,
				842CCD5E260A0A1C00A9B422 /* PostsController.swift in Sources */,
				84FD8BB72612578600A6DCAE /* ReloadGroupsController.swift in Sources */,
				8415153926076CFC0071218D /* NewsController.swift in Sources */,
				8435846B25C893AB0038F518 /* GetDatesController.swift in Sources */,
				842B0BCC25ED689B00B3A88B /* FirebaseService.swift in Sources */,
				8439895125C8694500135F31 /* SceneDelegate.swift in Sources */,
			);
			runOnlyForDeploymentPostprocessing = 0;
		};
/* End PBXSourcesBuildPhase section */

/* Begin PBXVariantGroup section */
		8439895425C8694500135F31 /* Main.storyboard */ = {
			isa = PBXVariantGroup;
			children = (
				8439895525C8694500135F31 /* Base */,
			);
			name = Main.storyboard;
			sourceTree = "<group>";
		};
		8439895925C8694800135F31 /* LaunchScreen.storyboard */ = {
			isa = PBXVariantGroup;
			children = (
				8439895A25C8694800135F31 /* Base */,
			);
			name = LaunchScreen.storyboard;
			sourceTree = "<group>";
		};
/* End PBXVariantGroup section */

/* Begin XCBuildConfiguration section */
		8439895D25C8694800135F31 /* Debug */ = {
			isa = XCBuildConfiguration;
			buildSettings = {
				ALWAYS_SEARCH_USER_PATHS = NO;
				CLANG_ANALYZER_NONNULL = YES;
				CLANG_ANALYZER_NUMBER_OBJECT_CONVERSION = YES_AGGRESSIVE;
				CLANG_CXX_LANGUAGE_STANDARD = "gnu++14";
				CLANG_CXX_LIBRARY = "libc++";
				CLANG_ENABLE_MODULES = YES;
				CLANG_ENABLE_OBJC_ARC = YES;
				CLANG_ENABLE_OBJC_WEAK = YES;
				CLANG_WARN_BLOCK_CAPTURE_AUTORELEASING = YES;
				CLANG_WARN_BOOL_CONVERSION = YES;
				CLANG_WARN_COMMA = YES;
				CLANG_WARN_CONSTANT_CONVERSION = YES;
				CLANG_WARN_DEPRECATED_OBJC_IMPLEMENTATIONS = YES;
				CLANG_WARN_DIRECT_OBJC_ISA_USAGE = YES_ERROR;
				CLANG_WARN_DOCUMENTATION_COMMENTS = YES;
				CLANG_WARN_EMPTY_BODY = YES;
				CLANG_WARN_ENUM_CONVERSION = YES;
				CLANG_WARN_INFINITE_RECURSION = YES;
				CLANG_WARN_INT_CONVERSION = YES;
				CLANG_WARN_NON_LITERAL_NULL_CONVERSION = YES;
				CLANG_WARN_OBJC_IMPLICIT_RETAIN_SELF = YES;
				CLANG_WARN_OBJC_LITERAL_CONVERSION = YES;
				CLANG_WARN_OBJC_ROOT_CLASS = YES_ERROR;
				CLANG_WARN_QUOTED_INCLUDE_IN_FRAMEWORK_HEADER = YES;
				CLANG_WARN_RANGE_LOOP_ANALYSIS = YES;
				CLANG_WARN_STRICT_PROTOTYPES = YES;
				CLANG_WARN_SUSPICIOUS_MOVE = YES;
				CLANG_WARN_UNGUARDED_AVAILABILITY = YES_AGGRESSIVE;
				CLANG_WARN_UNREACHABLE_CODE = YES;
				CLANG_WARN__DUPLICATE_METHOD_MATCH = YES;
				COPY_PHASE_STRIP = NO;
				DEBUG_INFORMATION_FORMAT = dwarf;
				ENABLE_STRICT_OBJC_MSGSEND = YES;
				ENABLE_TESTABILITY = YES;
				GCC_C_LANGUAGE_STANDARD = gnu11;
				GCC_DYNAMIC_NO_PIC = NO;
				GCC_NO_COMMON_BLOCKS = YES;
				GCC_OPTIMIZATION_LEVEL = 0;
				GCC_PREPROCESSOR_DEFINITIONS = (
					"DEBUG=1",
					"$(inherited)",
				);
				GCC_WARN_64_TO_32_BIT_CONVERSION = YES;
				GCC_WARN_ABOUT_RETURN_TYPE = YES_ERROR;
				GCC_WARN_UNDECLARED_SELECTOR = YES;
				GCC_WARN_UNINITIALIZED_AUTOS = YES_AGGRESSIVE;
				GCC_WARN_UNUSED_FUNCTION = YES;
				GCC_WARN_UNUSED_VARIABLE = YES;
				IPHONEOS_DEPLOYMENT_TARGET = 14.3;
				MTL_ENABLE_DEBUG_INFO = INCLUDE_SOURCE;
				MTL_FAST_MATH = YES;
				ONLY_ACTIVE_ARCH = YES;
				SDKROOT = iphoneos;
				SWIFT_ACTIVE_COMPILATION_CONDITIONS = DEBUG;
				SWIFT_OPTIMIZATION_LEVEL = "-Onone";
			};
			name = Debug;
		};
		8439895E25C8694800135F31 /* Release */ = {
			isa = XCBuildConfiguration;
			buildSettings = {
				ALWAYS_SEARCH_USER_PATHS = NO;
				CLANG_ANALYZER_NONNULL = YES;
				CLANG_ANALYZER_NUMBER_OBJECT_CONVERSION = YES_AGGRESSIVE;
				CLANG_CXX_LANGUAGE_STANDARD = "gnu++14";
				CLANG_CXX_LIBRARY = "libc++";
				CLANG_ENABLE_MODULES = YES;
				CLANG_ENABLE_OBJC_ARC = YES;
				CLANG_ENABLE_OBJC_WEAK = YES;
				CLANG_WARN_BLOCK_CAPTURE_AUTORELEASING = YES;
				CLANG_WARN_BOOL_CONVERSION = YES;
				CLANG_WARN_COMMA = YES;
				CLANG_WARN_CONSTANT_CONVERSION = YES;
				CLANG_WARN_DEPRECATED_OBJC_IMPLEMENTATIONS = YES;
				CLANG_WARN_DIRECT_OBJC_ISA_USAGE = YES_ERROR;
				CLANG_WARN_DOCUMENTATION_COMMENTS = YES;
				CLANG_WARN_EMPTY_BODY = YES;
				CLANG_WARN_ENUM_CONVERSION = YES;
				CLANG_WARN_INFINITE_RECURSION = YES;
				CLANG_WARN_INT_CONVERSION = YES;
				CLANG_WARN_NON_LITERAL_NULL_CONVERSION = YES;
				CLANG_WARN_OBJC_IMPLICIT_RETAIN_SELF = YES;
				CLANG_WARN_OBJC_LITERAL_CONVERSION = YES;
				CLANG_WARN_OBJC_ROOT_CLASS = YES_ERROR;
				CLANG_WARN_QUOTED_INCLUDE_IN_FRAMEWORK_HEADER = YES;
				CLANG_WARN_RANGE_LOOP_ANALYSIS = YES;
				CLANG_WARN_STRICT_PROTOTYPES = YES;
				CLANG_WARN_SUSPICIOUS_MOVE = YES;
				CLANG_WARN_UNGUARDED_AVAILABILITY = YES_AGGRESSIVE;
				CLANG_WARN_UNREACHABLE_CODE = YES;
				CLANG_WARN__DUPLICATE_METHOD_MATCH = YES;
				COPY_PHASE_STRIP = NO;
				DEBUG_INFORMATION_FORMAT = "dwarf-with-dsym";
				ENABLE_NS_ASSERTIONS = NO;
				ENABLE_STRICT_OBJC_MSGSEND = YES;
				GCC_C_LANGUAGE_STANDARD = gnu11;
				GCC_NO_COMMON_BLOCKS = YES;
				GCC_WARN_64_TO_32_BIT_CONVERSION = YES;
				GCC_WARN_ABOUT_RETURN_TYPE = YES_ERROR;
				GCC_WARN_UNDECLARED_SELECTOR = YES;
				GCC_WARN_UNINITIALIZED_AUTOS = YES_AGGRESSIVE;
				GCC_WARN_UNUSED_FUNCTION = YES;
				GCC_WARN_UNUSED_VARIABLE = YES;
				IPHONEOS_DEPLOYMENT_TARGET = 14.3;
				MTL_ENABLE_DEBUG_INFO = NO;
				MTL_FAST_MATH = YES;
				SDKROOT = iphoneos;
				SWIFT_COMPILATION_MODE = wholemodule;
				SWIFT_OPTIMIZATION_LEVEL = "-O";
				VALIDATE_PRODUCT = YES;
			};
			name = Release;
		};
		8439896025C8694800135F31 /* Debug */ = {
			isa = XCBuildConfiguration;
			baseConfigurationReference = 43CBC14F62419BEC3C6469BE /* Pods-VK API App.debug.xcconfig */;
			buildSettings = {
				ASSETCATALOG_COMPILER_APPICON_NAME = AppIcon;
				ASSETCATALOG_COMPILER_GLOBAL_ACCENT_COLOR_NAME = AccentColor;
				CODE_SIGN_STYLE = Automatic;
				DEVELOPMENT_TEAM = 9U72435GM5;
				INFOPLIST_FILE = "VK API App/Info.plist";
				LD_RUNPATH_SEARCH_PATHS = (
					"$(inherited)",
					"@executable_path/Frameworks",
				);
				PRODUCT_BUNDLE_IDENTIFIER = "ppa-ipa-kv.VK-API-App";
				PRODUCT_NAME = "$(TARGET_NAME)";
				SWIFT_VERSION = 5.0;
				TARGETED_DEVICE_FAMILY = "1,2";
			};
			name = Debug;
		};
		8439896125C8694800135F31 /* Release */ = {
			isa = XCBuildConfiguration;
			baseConfigurationReference = EAD1466D6A323F8E64914C53 /* Pods-VK API App.release.xcconfig */;
			buildSettings = {
				ASSETCATALOG_COMPILER_APPICON_NAME = AppIcon;
				ASSETCATALOG_COMPILER_GLOBAL_ACCENT_COLOR_NAME = AccentColor;
				CODE_SIGN_STYLE = Automatic;
				DEVELOPMENT_TEAM = 9U72435GM5;
				INFOPLIST_FILE = "VK API App/Info.plist";
				LD_RUNPATH_SEARCH_PATHS = (
					"$(inherited)",
					"@executable_path/Frameworks",
				);
				PRODUCT_BUNDLE_IDENTIFIER = "ppa-ipa-kv.VK-API-App";
				PRODUCT_NAME = "$(TARGET_NAME)";
				SWIFT_VERSION = 5.0;
				TARGETED_DEVICE_FAMILY = "1,2";
			};
			name = Release;
		};
/* End XCBuildConfiguration section */

/* Begin XCConfigurationList section */
		8439894625C8694400135F31 /* Build configuration list for PBXProject "VK API App" */ = {
			isa = XCConfigurationList;
			buildConfigurations = (
				8439895D25C8694800135F31 /* Debug */,
				8439895E25C8694800135F31 /* Release */,
			);
			defaultConfigurationIsVisible = 0;
			defaultConfigurationName = Release;
		};
		8439895F25C8694800135F31 /* Build configuration list for PBXNativeTarget "VK API App" */ = {
			isa = XCConfigurationList;
			buildConfigurations = (
				8439896025C8694800135F31 /* Debug */,
				8439896125C8694800135F31 /* Release */,
			);
			defaultConfigurationIsVisible = 0;
			defaultConfigurationName = Release;
		};
/* End XCConfigurationList section */

/* Begin XCRemoteSwiftPackageReference section */
		84CF0ED125DD4CCE00DE3F7B /* XCRemoteSwiftPackageReference "realm-cocoa" */ = {
			isa = XCRemoteSwiftPackageReference;
			repositoryURL = "https://github.com/realm/realm-cocoa";
			requirement = {
				kind = upToNextMajorVersion;
				minimumVersion = 10.6.0;
			};
		};
/* End XCRemoteSwiftPackageReference section */

/* Begin XCSwiftPackageProductDependency section */
		84CF0ED225DD4CCE00DE3F7B /* RealmSwift */ = {
			isa = XCSwiftPackageProductDependency;
			package = 84CF0ED125DD4CCE00DE3F7B /* XCRemoteSwiftPackageReference "realm-cocoa" */;
			productName = RealmSwift;
		};
		84CF0ED425DD4CCE00DE3F7B /* Realm */ = {
			isa = XCSwiftPackageProductDependency;
			package = 84CF0ED125DD4CCE00DE3F7B /* XCRemoteSwiftPackageReference "realm-cocoa" */;
			productName = Realm;
		};
/* End XCSwiftPackageProductDependency section */
	};
	rootObject = 8439894325C8694400135F31 /* Project object */;
}
